
Microsoft Visual Studio Solution File, Format Version 12.00
# Visual Studio Version 17
VisualStudioVersion = 17.2.32505.173
MinimumVisualStudioVersion = 10.0.40219.1
Project("{FAE04EC0-301F-11D3-BF4B-00C04F79EFBC}") = "Practice01", "Practice01\Practice01.csproj", "{1E118F47-CEFC-47D0-AF35-3C95C4767600}"
EndProject
Global
	GlobalSection(SolutionConfigurationPlatforms) = preSolution
		Debug|Any CPU = Debug|Any CPU
		Release|Any CPU = Release|Any CPU
	EndGlobalSection
	GlobalSection(ProjectConfigurationPlatforms) = postSolution
		{1E118F47-CEFC-47D0-AF35-3C95C4767600}.Debug|Any CPU.ActiveCfg = Debug|Any CPU
		{1E118F47-CEFC-47D0-AF35-3C95C4767600}.Debug|Any CPU.Build.0 = Debug|Any CPU
		{1E118F47-CEFC-47D0-AF35-3C95C4767600}.Release|Any CPU.ActiveCfg = Release|Any CPU
		{1E118F47-CEFC-47D0-AF35-3C95C4767600}.Release|Any CPU.Build.0 = Release|Any CPU
	EndGlobalSection
	GlobalSection(SolutionProperties) = preSolution
		HideSolutionNode = FALSE
	EndGlobalSection
	GlobalSection(ExtensibilityGlobals) = postSolution
		SolutionGuid = {3126129A-5C81-4D39-982B-8F6690A95F82}
	EndGlobalSection
EndGlobal
